PODS:
  - Alamofire (4.7.2)
  - AlamofireImage (3.3.1):
    - Alamofire (~> 4.5)
  - BMSAnalyticsAPI (2.2.3)
  - BMSCore (2.3.5):
    - BMSAnalyticsAPI (~> 2.2)
  - HEREMapsStarter (3.7.0)
  - MessageKit (0.13.5)
  - NVActivityIndicatorView (4.2.1):
    - NVActivityIndicatorView/Presenter (= 4.2.1)
  - NVActivityIndicatorView/Presenter (4.2.1)

DEPENDENCIES:
  - Alamofire
  - AlamofireImage
  - BMSCore (~> 2.0)
  - HEREMapsStarter
  - MessageKit
  - NVActivityIndicatorView

SPEC CHECKSUMS:
  Alamofire: e4fa87002c137ba2d8d634d2c51fabcda0d5c223
  AlamofireImage: 3b35b586853abaf94ca1250f4e94cff3c21a4c0d
  BMSAnalyticsAPI: d259379069bb11d2ff365bf5b796a2677dfc3849
  BMSCore: 446c16a7dbe14b5019751617a00dd947c65cca82
  HEREMapsStarter: c965bb891705b2407d7b140dfbfc2fc4c72acea3
  MessageKit: c4bd50e285a0f0761bc23a2e982aa7840873c4f5
  NVActivityIndicatorView: 8068ba3ad39cb44cbaab25d89ff2546b3f092681

PODFILE CHECKSUM: 71243e57a5fc263230a4102989aaede04f2e11e3

COCOAPODS: 1.3.1
